GIT
  remote: git://github.com/rails/rails.git
  revision: da23e125f8d755917b08f5cca1f7fe1ff38c8b7e
  branch: master
  specs:
    activesupport (5.1.0.alpha)
      concurrent-ruby (~> 1.0, >= 1.0.2)
      i18n (~> 0.7)
      minitest (~> 5.1)
      tzinfo (~> 1.1)

PATH
  remote: ..
  specs:
    i18n (0.8.0.beta1)

GEM
  remote: https://rubygems.org/
  specs:
    concurrent-ruby (1.0.2)
    metaclass (0.0.4)
    minitest (5.5.1)
    mocha (1.1.0)
      metaclass (~> 0.0.1)
    rake (10.4.2)
    test_declarative (0.0.5)
    thread_safe (0.3.5)
    tzinfo (1.2.2)
      thread_safe (~> 0.1)

PLATFORMS
  ruby

DEPENDENCIES
  activesupport!
  i18n!
  minitest
  mocha
  rake
  test_declarative

BUNDLED WITH
   1.13.7
