GEM
  remote: https://rubygems.org/
  specs:
    activesupport (2.3.15)
    ffi (1.9.3)
    metaclass (0.0.4)
    mocha (1.0.0)
      metaclass (~> 0.0.1)
    rake (10.3.1)
    rufus-tokyo (1.0.7)
    test_declarative (0.0.5)

PLATFORMS
  ruby

DEPENDENCIES
  activesupport (~> 2.3)
  ffi
  mocha
  rake
  rufus-tokyo
  test_declarative
